
Microsoft Visual Studio Solution File, Format Version 12.00
# Visual Studio Version 17
VisualStudioVersion = 17.14.36623.8
MinimumVisualStudioVersion = 10.0.40219.1
Project("{FAE04EC0-301F-11D3-BF4B-00C04F79EFBC}") = "SpawnDev.BlazorJS.Photino", "SpawnDev.BlazorJS.Photino\SpawnDev.BlazorJS.Photino.csproj", "{307238B9-F37F-43CA-950F-48BFEB35D7A5}"
EndProject
Project("{FAE04EC0-301F-11D3-BF4B-00C04F79EFBC}") = "SpawnDev.BlazorJS.Photino.App.Demo.Client", "SpawnDev.BlazorJS.Photino.App.Demo.Client\SpawnDev.BlazorJS.Photino.App.Demo.Client.csproj", "{72F1EA39-4075-4CCC-A3D1-05D468337FE3}"
EndProject
Project("{FAE04EC0-301F-11D3-BF4B-00C04F79EFBC}") = "SpawnDev.BlazorJS.Photino.App.Demo", "SpawnDev.BlazorJS.Photino.App.Demo\SpawnDev.BlazorJS.Photino.App.Demo.csproj", "{1D43CB3B-6BE9-41C6-BD08-A208814E47A7}"
EndProject
Global
	GlobalSection(SolutionConfigurationPlatforms) = preSolution
		Debug|Any CPU = Debug|Any CPU
		Release|Any CPU = Release|Any CPU
	EndGlobalSection
	GlobalSection(ProjectConfigurationPlatforms) = postSolution
		{307238B9-F37F-43CA-950F-48BFEB35D7A5}.Debug|Any CPU.ActiveCfg = Debug|Any CPU
		{307238B9-F37F-43CA-950F-48BFEB35D7A5}.Debug|Any CPU.Build.0 = Debug|Any CPU
		{307238B9-F37F-43CA-950F-48BFEB35D7A5}.Release|Any CPU.ActiveCfg = Release|Any CPU
		{307238B9-F37F-43CA-950F-48BFEB35D7A5}.Release|Any CPU.Build.0 = Release|Any CPU
		{72F1EA39-4075-4CCC-A3D1-05D468337FE3}.Debug|Any CPU.ActiveCfg = Debug|Any CPU
		{72F1EA39-4075-4CCC-A3D1-05D468337FE3}.Debug|Any CPU.Build.0 = Debug|Any CPU
		{72F1EA39-4075-4CCC-A3D1-05D468337FE3}.Release|Any CPU.ActiveCfg = Release|Any CPU
		{72F1EA39-4075-4CCC-A3D1-05D468337FE3}.Release|Any CPU.Build.0 = Release|Any CPU
		{1D43CB3B-6BE9-41C6-BD08-A208814E47A7}.Debug|Any CPU.ActiveCfg = Debug|Any CPU
		{1D43CB3B-6BE9-41C6-BD08-A208814E47A7}.Debug|Any CPU.Build.0 = Debug|Any CPU
		{1D43CB3B-6BE9-41C6-BD08-A208814E47A7}.Release|Any CPU.ActiveCfg = Release|Any CPU
		{1D43CB3B-6BE9-41C6-BD08-A208814E47A7}.Release|Any CPU.Build.0 = Release|Any CPU
	EndGlobalSection
	GlobalSection(SolutionProperties) = preSolution
		HideSolutionNode = FALSE
	EndGlobalSection
	GlobalSection(ExtensibilityGlobals) = postSolution
		SolutionGuid = {14EB1C29-66E3-450C-B11F-8F4298333AF8}
	EndGlobalSection
EndGlobal
